
Microsoft Visual Studio Solution File, Format Version 12.00
# Visual Studio Version 16
VisualStudioVersion = 16.0.31321.278
MinimumVisualStudioVersion = 10.0.40219.1
Project("{FAE04EC0-301F-11D3-BF4B-00C04F79EFBC}") = "LoginForm1.Android", "LoginForm1\LoginForm1.Android\LoginForm1.Android.csproj", "{0F04E549-2EF4-4912-A588-B8330B4AC1BE}"
EndProject
Project("{FAE04EC0-301F-11D3-BF4B-00C04F79EFBC}") = "LoginForm1.iOS", "LoginForm1\LoginForm1.iOS\LoginForm1.iOS.csproj", "{E1C347A8-AAAC-4D4C-85DC-3BA105FC1097}"
EndProject
Project("{FAE04EC0-301F-11D3-BF4B-00C04F79EFBC}") = "LoginForm1", "LoginForm1\LoginForm1\LoginForm1.csproj", "{9D29FCA9-5C91-4423-B6EF-8F8A3E0F2F47}"
EndProject
Global
	GlobalSection(SolutionConfigurationPlatforms) = preSolution
		Debug|Any CPU = Debug|Any CPU
		Debug|iPhone = Debug|iPhone
		Debug|iPhoneSimulator = Debug|iPhoneSimulator
		Release|Any CPU = Release|Any CPU
		Release|iPhone = Release|iPhone
		Release|iPhoneSimulator = Release|iPhoneSimulator
	EndGlobalSection
	GlobalSection(ProjectConfigurationPlatforms) = postSolution
		{0F04E549-2EF4-4912-A588-B8330B4AC1BE}.Debug|Any CPU.ActiveCfg = Debug|Any CPU
		{0F04E549-2EF4-4912-A588-B8330B4AC1BE}.Debug|Any CPU.Build.0 = Debug|Any CPU
		{0F04E549-2EF4-4912-A588-B8330B4AC1BE}.Debug|Any CPU.Deploy.0 = Debug|Any CPU
		{0F04E549-2EF4-4912-A588-B8330B4AC1BE}.Debug|iPhone.ActiveCfg = Debug|Any CPU
		{0F04E549-2EF4-4912-A588-B8330B4AC1BE}.Debug|iPhone.Build.0 = Debug|Any CPU
		{0F04E549-2EF4-4912-A588-B8330B4AC1BE}.Debug|iPhone.Deploy.0 = Debug|Any CPU
		{0F04E549-2EF4-4912-A588-B8330B4AC1BE}.Debug|iPhoneSimulator.ActiveCfg = Debug|Any CPU
		{0F04E549-2EF4-4912-A588-B8330B4AC1BE}.Debug|iPhoneSimulator.Build.0 = Debug|Any CPU
		{0F04E549-2EF4-4912-A588-B8330B4AC1BE}.Debug|iPhoneSimulator.Deploy.0 = Debug|Any CPU
		{0F04E549-2EF4-4912-A588-B8330B4AC1BE}.Release|Any CPU.ActiveCfg = Release|Any CPU
		{0F04E549-2EF4-4912-A588-B8330B4AC1BE}.Release|Any CPU.Build.0 = Release|Any CPU
		{0F04E549-2EF4-4912-A588-B8330B4AC1BE}.Release|Any CPU.Deploy.0 = Release|Any CPU
		{0F04E549-2EF4-4912-A588-B8330B4AC1BE}.Release|iPhone.ActiveCfg = Release|Any CPU
		{0F04E549-2EF4-4912-A588-B8330B4AC1BE}.Release|iPhone.Build.0 = Release|Any CPU
		{0F04E549-2EF4-4912-A588-B8330B4AC1BE}.Release|iPhone.Deploy.0 = Release|Any CPU
		{0F04E549-2EF4-4912-A588-B8330B4AC1BE}.Release|iPhoneSimulator.ActiveCfg = Release|Any CPU
		{0F04E549-2EF4-4912-A588-B8330B4AC1BE}.Release|iPhoneSimulator.Build.0 = Release|Any CPU
		{0F04E549-2EF4-4912-A588-B8330B4AC1BE}.Release|iPhoneSimulator.Deploy.0 = Release|Any CPU
		{E1C347A8-AAAC-4D4C-85DC-3BA105FC1097}.Debug|Any CPU.ActiveCfg = Debug|iPhone
		{E1C347A8-AAAC-4D4C-85DC-3BA105FC1097}.Debug|Any CPU.Build.0 = Debug|iPhone
		{E1C347A8-AAAC-4D4C-85DC-3BA105FC1097}.Debug|Any CPU.Deploy.0 = Debug|iPhone
		{E1C347A8-AAAC-4D4C-85DC-3BA105FC1097}.Debug|iPhone.ActiveCfg = Debug|iPhone
		{E1C347A8-AAAC-4D4C-85DC-3BA105FC1097}.Debug|iPhone.Build.0 = Debug|iPhone
		{E1C347A8-AAAC-4D4C-85DC-3BA105FC1097}.Debug|iPhone.Deploy.0 = Debug|iPhone
		{E1C347A8-AAAC-4D4C-85DC-3BA105FC1097}.Debug|iPhoneSimulator.ActiveCfg = Debug|iPhoneSimulator
		{E1C347A8-AAAC-4D4C-85DC-3BA105FC1097}.Debug|iPhoneSimulator.Build.0 = Debug|iPhoneSimulator
		{E1C347A8-AAAC-4D4C-85DC-3BA105FC1097}.Debug|iPhoneSimulator.Deploy.0 = Debug|iPhoneSimulator
		{E1C347A8-AAAC-4D4C-85DC-3BA105FC1097}.Release|Any CPU.ActiveCfg = Release|iPhoneSimulator
		{E1C347A8-AAAC-4D4C-85DC-3BA105FC1097}.Release|Any CPU.Build.0 = Release|iPhoneSimulator
		{E1C347A8-AAAC-4D4C-85DC-3BA105FC1097}.Release|Any CPU.Deploy.0 = Release|iPhoneSimulator
		{E1C347A8-AAAC-4D4C-85DC-3BA105FC1097}.Release|iPhone.ActiveCfg = Release|iPhone
		{E1C347A8-AAAC-4D4C-85DC-3BA105FC1097}.Release|iPhone.Build.0 = Release|iPhone
		{E1C347A8-AAAC-4D4C-85DC-3BA105FC1097}.Release|iPhone.Deploy.0 = Release|iPhone
		{E1C347A8-AAAC-4D4C-85DC-3BA105FC1097}.Release|iPhoneSimulator.ActiveCfg = Release|iPhoneSimulator
		{E1C347A8-AAAC-4D4C-85DC-3BA105FC1097}.Release|iPhoneSimulator.Build.0 = Release|iPhoneSimulator
		{E1C347A8-AAAC-4D4C-85DC-3BA105FC1097}.Release|iPhoneSimulator.Deploy.0 = Release|iPhoneSimulator
		{9D29FCA9-5C91-4423-B6EF-8F8A3E0F2F47}.Debug|Any CPU.ActiveCfg = Debug|Any CPU
		{9D29FCA9-5C91-4423-B6EF-8F8A3E0F2F47}.Debug|Any CPU.Build.0 = Debug|Any CPU
		{9D29FCA9-5C91-4423-B6EF-8F8A3E0F2F47}.Debug|Any CPU.Deploy.0 = Debug|Any CPU
		{9D29FCA9-5C91-4423-B6EF-8F8A3E0F2F47}.Debug|iPhone.ActiveCfg = Debug|Any CPU
		{9D29FCA9-5C91-4423-B6EF-8F8A3E0F2F47}.Debug|iPhone.Build.0 = Debug|Any CPU
		{9D29FCA9-5C91-4423-B6EF-8F8A3E0F2F47}.Debug|iPhone.Deploy.0 = Debug|Any CPU
		{9D29FCA9-5C91-4423-B6EF-8F8A3E0F2F47}.Debug|iPhoneSimulator.ActiveCfg = Debug|Any CPU
		{9D29FCA9-5C91-4423-B6EF-8F8A3E0F2F47}.Debug|iPhoneSimulator.Build.0 = Debug|Any CPU
		{9D29FCA9-5C91-4423-B6EF-8F8A3E0F2F47}.Debug|iPhoneSimulator.Deploy.0 = Debug|Any CPU
		{9D29FCA9-5C91-4423-B6EF-8F8A3E0F2F47}.Release|Any CPU.ActiveCfg = Release|Any CPU
		{9D29FCA9-5C91-4423-B6EF-8F8A3E0F2F47}.Release|Any CPU.Build.0 = Release|Any CPU
		{9D29FCA9-5C91-4423-B6EF-8F8A3E0F2F47}.Release|Any CPU.Deploy.0 = Release|Any CPU
		{9D29FCA9-5C91-4423-B6EF-8F8A3E0F2F47}.Release|iPhone.ActiveCfg = Release|Any CPU
		{9D29FCA9-5C91-4423-B6EF-8F8A3E0F2F47}.Release|iPhone.Build.0 = Release|Any CPU
		{9D29FCA9-5C91-4423-B6EF-8F8A3E0F2F47}.Release|iPhone.Deploy.0 = Release|Any CPU
		{9D29FCA9-5C91-4423-B6EF-8F8A3E0F2F47}.Release|iPhoneSimulator.ActiveCfg = Release|Any CPU
		{9D29FCA9-5C91-4423-B6EF-8F8A3E0F2F47}.Release|iPhoneSimulator.Build.0 = Release|Any CPU
		{9D29FCA9-5C91-4423-B6EF-8F8A3E0F2F47}.Release|iPhoneSimulator.Deploy.0 = Release|Any CPU
	EndGlobalSection
	GlobalSection(SolutionProperties) = preSolution
		HideSolutionNode = FALSE
	EndGlobalSection
	GlobalSection(ExtensibilityGlobals) = postSolution
		SolutionGuid = {3F50BDED-BE2E-478E-9DE3-822969D6BA49}
	EndGlobalSection
EndGlobal
